
Microsoft Visual Studio Solution File, Format Version 11.00
# Visual Studio 2010
Project("{FAE04EC0-301F-11D3-BF4B-00C04F79EFBC}") = "Unity2DProject02", "Assembly-CSharp.csproj", "{F391E0B1-1C2A-5D29-DC3D-629B8ED73DC2}"
EndProject
Global
	GlobalSection(SolutionConfigurationPlatforms) = preSolution
		Debug|Any CPU = Debug|Any CPU
		Release|Any CPU = Release|Any CPU
	EndGlobalSection
	GlobalSection(ProjectConfigurationPlatforms) = postSolution
		{F391E0B1-1C2A-5D29-DC3D-629B8ED73DC2}.Debug|Any CPU.ActiveCfg = Debug|Any CPU
		{F391E0B1-1C2A-5D29-DC3D-629B8ED73DC2}.Debug|Any CPU.Build.0 = Debug|Any CPU
		{F391E0B1-1C2A-5D29-DC3D-629B8ED73DC2}.Release|Any CPU.ActiveCfg = Release|Any CPU
		{F391E0B1-1C2A-5D29-DC3D-629B8ED73DC2}.Release|Any CPU.Build.0 = Release|Any CPU
	EndGlobalSection
	GlobalSection(SolutionProperties) = preSolution
		HideSolutionNode = FALSE
	EndGlobalSection
	GlobalSection(MonoDevelopProperties) = preSolution
		StartupItem = Assembly-CSharp.csproj
	EndGlobalSection
EndGlobal
